
Microsoft Visual Studio Solution File, Format Version 12.00
# Visual Studio Version 16
VisualStudioVersion = 16.0.31613.86
MinimumVisualStudioVersion = 10.0.40219.1
Project("{FAE04EC0-301F-11D3-BF4B-00C04F79EFBC}") = "MyHttpServer", "MyHttpServer\MyHttpServer.csproj", "{C0D039CF-232F-4732-B310-2493C8A10711}"
EndProject
Global
	GlobalSection(SolutionConfigurationPlatforms) = preSolution
		Debug|Any CPU = Debug|Any CPU
		Release|Any CPU = Release|Any CPU
	EndGlobalSection
	GlobalSection(ProjectConfigurationPlatforms) = postSolution
		{C0D039CF-232F-4732-B310-2493C8A10711}.Debug|Any CPU.ActiveCfg = Debug|Any CPU
		{C0D039CF-232F-4732-B310-2493C8A10711}.Debug|Any CPU.Build.0 = Debug|Any CPU
		{C0D039CF-232F-4732-B310-2493C8A10711}.Release|Any CPU.ActiveCfg = Release|Any CPU
		{C0D039CF-232F-4732-B310-2493C8A10711}.Release|Any CPU.Build.0 = Release|Any CPU
	EndGlobalSection
	GlobalSection(SolutionProperties) = preSolution
		HideSolutionNode = FALSE
	EndGlobalSection
	GlobalSection(ExtensibilityGlobals) = postSolution
		SolutionGuid = {54AE85E8-2F2C-4269-9538-0E43DE4C7D50}
	EndGlobalSection
EndGlobal
